
Microsoft Visual Studio Solution File, Format Version 12.00
# Visual Studio Version 16
VisualStudioVersion = 16.0.29215.179
MinimumVisualStudioVersion = 10.0.40219.1
Project("{FAE04EC0-301F-11D3-BF4B-00C04F79EFBC}") = "CustomMVCIdentity", "CustomMVCIdentity\CustomMVCIdentity.csproj", "{09292A76-DAEC-46B1-8994-4F66D21C4B5C}"
EndProject
Project("{FAE04EC0-301F-11D3-BF4B-00C04F79EFBC}") = "IdentityManagement", "IdentityManagement\IdentityManagement.csproj", "{02EDE15A-E67D-4014-9459-CB742192D012}"
EndProject
Project("{00D1A9C2-B5F0-4AF3-8072-F6C62B433612}") = "CustomIdentityDB", "CustomIdentityDB\CustomIdentityDB.sqlproj", "{FE520448-04A9-4DD8-A889-560263B1258A}"
EndProject
Project("{FAE04EC0-301F-11D3-BF4B-00C04F79EFBC}") = "Identity.IdentityLibrary", "Identity.IdentityLibrary\Identity.IdentityLibrary.csproj", "{70C3F4CD-FB55-4562-8F7B-7E7840926E1E}"
EndProject
Project("{FAE04EC0-301F-11D3-BF4B-00C04F79EFBC}") = "Identity.ModelsLibrary", "Identity.ModelsLibrary\Identity.ModelsLibrary.csproj", "{155D4845-A64C-42DB-80BA-C8A44495D884}"
EndProject
Global
	GlobalSection(SolutionConfigurationPlatforms) = preSolution
		Debug|Any CPU = Debug|Any CPU
		Release|Any CPU = Release|Any CPU
	EndGlobalSection
	GlobalSection(ProjectConfigurationPlatforms) = postSolution
		{09292A76-DAEC-46B1-8994-4F66D21C4B5C}.Debug|Any CPU.ActiveCfg = Debug|Any CPU
		{09292A76-DAEC-46B1-8994-4F66D21C4B5C}.Debug|Any CPU.Build.0 = Debug|Any CPU
		{09292A76-DAEC-46B1-8994-4F66D21C4B5C}.Release|Any CPU.ActiveCfg = Release|Any CPU
		{09292A76-DAEC-46B1-8994-4F66D21C4B5C}.Release|Any CPU.Build.0 = Release|Any CPU
		{02EDE15A-E67D-4014-9459-CB742192D012}.Debug|Any CPU.ActiveCfg = Debug|Any CPU
		{02EDE15A-E67D-4014-9459-CB742192D012}.Debug|Any CPU.Build.0 = Debug|Any CPU
		{02EDE15A-E67D-4014-9459-CB742192D012}.Release|Any CPU.ActiveCfg = Release|Any CPU
		{02EDE15A-E67D-4014-9459-CB742192D012}.Release|Any CPU.Build.0 = Release|Any CPU
		{FE520448-04A9-4DD8-A889-560263B1258A}.Debug|Any CPU.ActiveCfg = Debug|Any CPU
		{FE520448-04A9-4DD8-A889-560263B1258A}.Debug|Any CPU.Build.0 = Debug|Any CPU
		{FE520448-04A9-4DD8-A889-560263B1258A}.Debug|Any CPU.Deploy.0 = Debug|Any CPU
		{FE520448-04A9-4DD8-A889-560263B1258A}.Release|Any CPU.ActiveCfg = Release|Any CPU
		{FE520448-04A9-4DD8-A889-560263B1258A}.Release|Any CPU.Build.0 = Release|Any CPU
		{FE520448-04A9-4DD8-A889-560263B1258A}.Release|Any CPU.Deploy.0 = Release|Any CPU
		{70C3F4CD-FB55-4562-8F7B-7E7840926E1E}.Debug|Any CPU.ActiveCfg = Debug|Any CPU
		{70C3F4CD-FB55-4562-8F7B-7E7840926E1E}.Debug|Any CPU.Build.0 = Debug|Any CPU
		{70C3F4CD-FB55-4562-8F7B-7E7840926E1E}.Release|Any CPU.ActiveCfg = Release|Any CPU
		{70C3F4CD-FB55-4562-8F7B-7E7840926E1E}.Release|Any CPU.Build.0 = Release|Any CPU
		{155D4845-A64C-42DB-80BA-C8A44495D884}.Debug|Any CPU.ActiveCfg = Debug|Any CPU
		{155D4845-A64C-42DB-80BA-C8A44495D884}.Debug|Any CPU.Build.0 = Debug|Any CPU
		{155D4845-A64C-42DB-80BA-C8A44495D884}.Release|Any CPU.ActiveCfg = Release|Any CPU
		{155D4845-A64C-42DB-80BA-C8A44495D884}.Release|Any CPU.Build.0 = Release|Any CPU
	EndGlobalSection
	GlobalSection(SolutionProperties) = preSolution
		HideSolutionNode = FALSE
	EndGlobalSection
	GlobalSection(ExtensibilityGlobals) = postSolution
		SolutionGuid = {F38F859E-5C1A-43FE-A23F-510A84FABDD0}
	EndGlobalSection
EndGlobal
