
Microsoft Visual Studio Solution File, Format Version 12.00
# Visual Studio Version 16
VisualStudioVersion = 16.0.29215.179
MinimumVisualStudioVersion = 10.0.40219.1
Project("{FAE04EC0-301F-11D3-BF4B-00C04F79EFBC}") = "CustomMVCIdentity", "CustomMVCIdentity\CustomMVCIdentity.csproj", "{09292A76-DAEC-46B1-8994-4F66D21C4B5C}"
EndProject
Project("{FAE04EC0-301F-11D3-BF4B-00C04F79EFBC}") = "IdentityManagement", "IdentityManagement\IdentityManagement.csproj", "{02EDE15A-E67D-4014-9459-CB742192D012}"
EndProject
Project("{00D1A9C2-B5F0-4AF3-8072-F6C62B433612}") = "CustomIdentityDB", "CustomIdentityDB\CustomIdentityDB.sqlproj", "{FE520448-04A9-4DD8-A889-560263B1258A}"
EndProject
Project("{FAE04EC0-301F-11D3-BF4B-00C04F79EFBC}") = "Identity.IdentityLibrary", "Identity.IdentityLibrary\Identity.IdentityLibrary.csproj", "{70C3F4CD-FB55-4562-8F7B-7E7840926E1E}"
EndProject
Project("{FAE04EC0-301F-11D3-BF4B-00C04F79EFBC}") = "Identity.ModelsLibrary", "Identity.ModelsLibrary\Identity.ModelsLibrary.csproj", "{155D4845-A64C-42DB-80BA-C8A44495D884}"
EndProject
Project("{FAE04EC0-301F-11D3-BF4B-00C04F79EFBC}") = "Identity.ApiLibrary", "Identity.ApiLibrary\Identity.ApiLibrary.csproj", "{A5D41EF4-4EC3-465C-934F-7388AE6C1439}"
EndProject
Project("{FAE04EC0-301F-11D3-BF4B-00C04F79EFBC}") = "Identity.DataLibrary", "Identity.DataLibrary\Identity.DataLibrary.csproj", "{2D2CD229-F503-48DB-AAE7-93F1E59DC834}"
EndProject
Project("{FAE04EC0-301F-11D3-BF4B-00C04F79EFBC}") = "UnitTestProject1", "UnitTestProject1\UnitTestProject1.csproj", "{6F395013-645F-4B0E-80DE-2AB50BFA3B26}"
EndProject
Project("{FAE04EC0-301F-11D3-BF4B-00C04F79EFBC}") = "Identity.ServicesLibrary", "Identity.ServicesLibrary\Identity.ServicesLibrary.csproj", "{7FD5B130-78A5-4CB6-9324-CDB11559BB02}"
EndProject
Project("{2150E333-8FDC-42A3-9474-1A3956D46DE8}") = "IdentityManage", "IdentityManage", "{3CA713A1-8280-42A5-A2D4-B74F647C8A5F}"
EndProject
Project("{2150E333-8FDC-42A3-9474-1A3956D46DE8}") = "DBAcess", "DBAcess", "{3F28C7E2-D89B-40DD-9717-79A2FAC922A3}"
EndProject
Project("{2150E333-8FDC-42A3-9474-1A3956D46DE8}") = "Web", "Web", "{D74384B9-9677-4528-94E8-6F9EB7EA0D45}"
EndProject
Global
	GlobalSection(SolutionConfigurationPlatforms) = preSolution
		Debug|Any CPU = Debug|Any CPU
		Release|Any CPU = Release|Any CPU
	EndGlobalSection
	GlobalSection(ProjectConfigurationPlatforms) = postSolution
		{09292A76-DAEC-46B1-8994-4F66D21C4B5C}.Debug|Any CPU.ActiveCfg = Debug|Any CPU
		{09292A76-DAEC-46B1-8994-4F66D21C4B5C}.Debug|Any CPU.Build.0 = Debug|Any CPU
		{09292A76-DAEC-46B1-8994-4F66D21C4B5C}.Release|Any CPU.ActiveCfg = Release|Any CPU
		{09292A76-DAEC-46B1-8994-4F66D21C4B5C}.Release|Any CPU.Build.0 = Release|Any CPU
		{02EDE15A-E67D-4014-9459-CB742192D012}.Debug|Any CPU.ActiveCfg = Debug|Any CPU
		{02EDE15A-E67D-4014-9459-CB742192D012}.Debug|Any CPU.Build.0 = Debug|Any CPU
		{02EDE15A-E67D-4014-9459-CB742192D012}.Release|Any CPU.ActiveCfg = Release|Any CPU
		{02EDE15A-E67D-4014-9459-CB742192D012}.Release|Any CPU.Build.0 = Release|Any CPU
		{FE520448-04A9-4DD8-A889-560263B1258A}.Debug|Any CPU.ActiveCfg = Debug|Any CPU
		{FE520448-04A9-4DD8-A889-560263B1258A}.Debug|Any CPU.Build.0 = Debug|Any CPU
		{FE520448-04A9-4DD8-A889-560263B1258A}.Debug|Any CPU.Deploy.0 = Debug|Any CPU
		{FE520448-04A9-4DD8-A889-560263B1258A}.Release|Any CPU.ActiveCfg = Release|Any CPU
		{FE520448-04A9-4DD8-A889-560263B1258A}.Release|Any CPU.Build.0 = Release|Any CPU
		{FE520448-04A9-4DD8-A889-560263B1258A}.Release|Any CPU.Deploy.0 = Release|Any CPU
		{70C3F4CD-FB55-4562-8F7B-7E7840926E1E}.Debug|Any CPU.ActiveCfg = Debug|Any CPU
		{70C3F4CD-FB55-4562-8F7B-7E7840926E1E}.Debug|Any CPU.Build.0 = Debug|Any CPU
		{70C3F4CD-FB55-4562-8F7B-7E7840926E1E}.Release|Any CPU.ActiveCfg = Release|Any CPU
		{70C3F4CD-FB55-4562-8F7B-7E7840926E1E}.Release|Any CPU.Build.0 = Release|Any CPU
		{155D4845-A64C-42DB-80BA-C8A44495D884}.Debug|Any CPU.ActiveCfg = Debug|Any CPU
		{155D4845-A64C-42DB-80BA-C8A44495D884}.Debug|Any CPU.Build.0 = Debug|Any CPU
		{155D4845-A64C-42DB-80BA-C8A44495D884}.Release|Any CPU.ActiveCfg = Release|Any CPU
		{155D4845-A64C-42DB-80BA-C8A44495D884}.Release|Any CPU.Build.0 = Release|Any CPU
		{A5D41EF4-4EC3-465C-934F-7388AE6C1439}.Debug|Any CPU.ActiveCfg = Debug|Any CPU
		{A5D41EF4-4EC3-465C-934F-7388AE6C1439}.Debug|Any CPU.Build.0 = Debug|Any CPU
		{A5D41EF4-4EC3-465C-934F-7388AE6C1439}.Release|Any CPU.ActiveCfg = Release|Any CPU
		{A5D41EF4-4EC3-465C-934F-7388AE6C1439}.Release|Any CPU.Build.0 = Release|Any CPU
		{2D2CD229-F503-48DB-AAE7-93F1E59DC834}.Debug|Any CPU.ActiveCfg = Debug|Any CPU
		{2D2CD229-F503-48DB-AAE7-93F1E59DC834}.Debug|Any CPU.Build.0 = Debug|Any CPU
		{2D2CD229-F503-48DB-AAE7-93F1E59DC834}.Release|Any CPU.ActiveCfg = Release|Any CPU
		{2D2CD229-F503-48DB-AAE7-93F1E59DC834}.Release|Any CPU.Build.0 = Release|Any CPU
		{6F395013-645F-4B0E-80DE-2AB50BFA3B26}.Debug|Any CPU.ActiveCfg = Debug|Any CPU
		{6F395013-645F-4B0E-80DE-2AB50BFA3B26}.Debug|Any CPU.Build.0 = Debug|Any CPU
		{6F395013-645F-4B0E-80DE-2AB50BFA3B26}.Release|Any CPU.ActiveCfg = Release|Any CPU
		{6F395013-645F-4B0E-80DE-2AB50BFA3B26}.Release|Any CPU.Build.0 = Release|Any CPU
		{7FD5B130-78A5-4CB6-9324-CDB11559BB02}.Debug|Any CPU.ActiveCfg = Debug|Any CPU
		{7FD5B130-78A5-4CB6-9324-CDB11559BB02}.Debug|Any CPU.Build.0 = Debug|Any CPU
		{7FD5B130-78A5-4CB6-9324-CDB11559BB02}.Release|Any CPU.ActiveCfg = Release|Any CPU
		{7FD5B130-78A5-4CB6-9324-CDB11559BB02}.Release|Any CPU.Build.0 = Release|Any CPU
	EndGlobalSection
	GlobalSection(SolutionProperties) = preSolution
		HideSolutionNode = FALSE
	EndGlobalSection
	GlobalSection(NestedProjects) = preSolution
		{09292A76-DAEC-46B1-8994-4F66D21C4B5C} = {D74384B9-9677-4528-94E8-6F9EB7EA0D45}
		{02EDE15A-E67D-4014-9459-CB742192D012} = {3CA713A1-8280-42A5-A2D4-B74F647C8A5F}
		{FE520448-04A9-4DD8-A889-560263B1258A} = {3F28C7E2-D89B-40DD-9717-79A2FAC922A3}
		{70C3F4CD-FB55-4562-8F7B-7E7840926E1E} = {3CA713A1-8280-42A5-A2D4-B74F647C8A5F}
		{155D4845-A64C-42DB-80BA-C8A44495D884} = {3CA713A1-8280-42A5-A2D4-B74F647C8A5F}
		{A5D41EF4-4EC3-465C-934F-7388AE6C1439} = {3CA713A1-8280-42A5-A2D4-B74F647C8A5F}
		{2D2CD229-F503-48DB-AAE7-93F1E59DC834} = {3CA713A1-8280-42A5-A2D4-B74F647C8A5F}
		{7FD5B130-78A5-4CB6-9324-CDB11559BB02} = {3CA713A1-8280-42A5-A2D4-B74F647C8A5F}
	EndGlobalSection
	GlobalSection(ExtensibilityGlobals) = postSolution
		SolutionGuid = {F38F859E-5C1A-43FE-A23F-510A84FABDD0}
	EndGlobalSection
EndGlobal
